
Microsoft Visual Studio Solution File, Format Version 12.00
# Visual Studio 15
VisualStudioVersion = 15.0.26228.48
MinimumVisualStudioVersion = 10.0.40219.1
Project("{FAE04EC0-301F-11D3-BF4B-00C04F79EFBC}") = "DesignPatterns", "DesignPatterns\DesignPatterns.csproj", "{3E4C77EE-266D-4BB5-B8B6-915E5CD338D0}"
EndProject
Project("{FAE04EC0-301F-11D3-BF4B-00C04F79EFBC}") = "SingletonPattern", "SingletonPattern\SingletonPattern.csproj", "{0F4F1506-973C-4FAE-88E6-CF1CF1DB08ED}"
EndProject
Project("{FAE04EC0-301F-11D3-BF4B-00C04F79EFBC}") = "FactoryPattern", "FactoryPattern\FactoryPattern.csproj", "{114E62CE-F593-472E-80ED-D2CE53CA1A62}"
EndProject
Project("{FAE04EC0-301F-11D3-BF4B-00C04F79EFBC}") = "BuilderPattern", "BuilderPattern\BuilderPattern.csproj", "{DED7CDAE-61D8-4A9E-9312-49ABDCF293B4}"
EndProject
Project("{FAE04EC0-301F-11D3-BF4B-00C04F79EFBC}") = "PrototypePattern", "PrototypePattern\PrototypePattern.csproj", "{9FFECDF9-90A6-4283-8C74-6DB196644485}"
EndProject
Project("{FAE04EC0-301F-11D3-BF4B-00C04F79EFBC}") = "DecoratorPattern", "DecoratorPattern\DecoratorPattern.csproj", "{FB3D233C-449F-47C3-9F99-BC410826B949}"
EndProject
Project("{FAE04EC0-301F-11D3-BF4B-00C04F79EFBC}") = "FacadePattern", "FacadePattern\FacadePattern.csproj", "{4BACA121-26FF-4926-A188-7D564745E634}"
EndProject
Global
	GlobalSection(SolutionConfigurationPlatforms) = preSolution
		Debug|Any CPU = Debug|Any CPU
		Release|Any CPU = Release|Any CPU
	EndGlobalSection
	GlobalSection(ProjectConfigurationPlatforms) = postSolution
		{3E4C77EE-266D-4BB5-B8B6-915E5CD338D0}.Debug|Any CPU.ActiveCfg = Debug|Any CPU
		{3E4C77EE-266D-4BB5-B8B6-915E5CD338D0}.Debug|Any CPU.Build.0 = Debug|Any CPU
		{3E4C77EE-266D-4BB5-B8B6-915E5CD338D0}.Release|Any CPU.ActiveCfg = Release|Any CPU
		{3E4C77EE-266D-4BB5-B8B6-915E5CD338D0}.Release|Any CPU.Build.0 = Release|Any CPU
		{0F4F1506-973C-4FAE-88E6-CF1CF1DB08ED}.Debug|Any CPU.ActiveCfg = Debug|Any CPU
		{0F4F1506-973C-4FAE-88E6-CF1CF1DB08ED}.Debug|Any CPU.Build.0 = Debug|Any CPU
		{0F4F1506-973C-4FAE-88E6-CF1CF1DB08ED}.Release|Any CPU.ActiveCfg = Release|Any CPU
		{0F4F1506-973C-4FAE-88E6-CF1CF1DB08ED}.Release|Any CPU.Build.0 = Release|Any CPU
		{114E62CE-F593-472E-80ED-D2CE53CA1A62}.Debug|Any CPU.ActiveCfg = Debug|Any CPU
		{114E62CE-F593-472E-80ED-D2CE53CA1A62}.Debug|Any CPU.Build.0 = Debug|Any CPU
		{114E62CE-F593-472E-80ED-D2CE53CA1A62}.Release|Any CPU.ActiveCfg = Release|Any CPU
		{114E62CE-F593-472E-80ED-D2CE53CA1A62}.Release|Any CPU.Build.0 = Release|Any CPU
		{DED7CDAE-61D8-4A9E-9312-49ABDCF293B4}.Debug|Any CPU.ActiveCfg = Debug|Any CPU
		{DED7CDAE-61D8-4A9E-9312-49ABDCF293B4}.Debug|Any CPU.Build.0 = Debug|Any CPU
		{DED7CDAE-61D8-4A9E-9312-49ABDCF293B4}.Release|Any CPU.ActiveCfg = Release|Any CPU
		{DED7CDAE-61D8-4A9E-9312-49ABDCF293B4}.Release|Any CPU.Build.0 = Release|Any CPU
		{9FFECDF9-90A6-4283-8C74-6DB196644485}.Debug|Any CPU.ActiveCfg = Debug|Any CPU
		{9FFECDF9-90A6-4283-8C74-6DB196644485}.Debug|Any CPU.Build.0 = Debug|Any CPU
		{9FFECDF9-90A6-4283-8C74-6DB196644485}.Release|Any CPU.ActiveCfg = Release|Any CPU
		{9FFECDF9-90A6-4283-8C74-6DB196644485}.Release|Any CPU.Build.0 = Release|Any CPU
		{FB3D233C-449F-47C3-9F99-BC410826B949}.Debug|Any CPU.ActiveCfg = Debug|Any CPU
		{FB3D233C-449F-47C3-9F99-BC410826B949}.Debug|Any CPU.Build.0 = Debug|Any CPU
		{FB3D233C-449F-47C3-9F99-BC410826B949}.Release|Any CPU.ActiveCfg = Release|Any CPU
		{FB3D233C-449F-47C3-9F99-BC410826B949}.Release|Any CPU.Build.0 = Release|Any CPU
		{4BACA121-26FF-4926-A188-7D564745E634}.Debug|Any CPU.ActiveCfg = Debug|Any CPU
		{4BACA121-26FF-4926-A188-7D564745E634}.Debug|Any CPU.Build.0 = Debug|Any CPU
		{4BACA121-26FF-4926-A188-7D564745E634}.Release|Any CPU.ActiveCfg = Release|Any CPU
		{4BACA121-26FF-4926-A188-7D564745E634}.Release|Any CPU.Build.0 = Release|Any CPU
	EndGlobalSection
	GlobalSection(SolutionProperties) = preSolution
		HideSolutionNode = FALSE
	EndGlobalSection
EndGlobal
